
Microsoft Visual Studio Solution File, Format Version 12.00
# Visual Studio Version 17
VisualStudioVersion = 17.14.36212.18 d17.14
MinimumVisualStudioVersion = 10.0.40219.1
Project("{FAE04EC0-301F-11D3-BF4B-00C04F79EFBC}") = "name-sorter", "name-sorter\name-sorter.csproj", "{0256E3F3-7F09-4B61-87D6-92FA4C6CA770}"
EndProject
Project("{FAE04EC0-301F-11D3-BF4B-00C04F79EFBC}") = "name-sorter-test", "name-sorter-test\name-sorter-test.csproj", "{14917213-0578-4780-916B-92DFC91A3311}"
EndProject
Global
	GlobalSection(SolutionConfigurationPlatforms) = preSolution
		Debug|Any CPU = Debug|Any CPU
		Release|Any CPU = Release|Any CPU
	EndGlobalSection
	GlobalSection(ProjectConfigurationPlatforms) = postSolution
		{0256E3F3-7F09-4B61-87D6-92FA4C6CA770}.Debug|Any CPU.ActiveCfg = Debug|Any CPU
		{0256E3F3-7F09-4B61-87D6-92FA4C6CA770}.Debug|Any CPU.Build.0 = Debug|Any CPU
		{0256E3F3-7F09-4B61-87D6-92FA4C6CA770}.Release|Any CPU.ActiveCfg = Release|Any CPU
		{0256E3F3-7F09-4B61-87D6-92FA4C6CA770}.Release|Any CPU.Build.0 = Release|Any CPU
		{14917213-0578-4780-916B-92DFC91A3311}.Debug|Any CPU.ActiveCfg = Debug|Any CPU
		{14917213-0578-4780-916B-92DFC91A3311}.Debug|Any CPU.Build.0 = Debug|Any CPU
		{14917213-0578-4780-916B-92DFC91A3311}.Release|Any CPU.ActiveCfg = Release|Any CPU
		{14917213-0578-4780-916B-92DFC91A3311}.Release|Any CPU.Build.0 = Release|Any CPU
	EndGlobalSection
	GlobalSection(SolutionProperties) = preSolution
		HideSolutionNode = FALSE
	EndGlobalSection
	GlobalSection(ExtensibilityGlobals) = postSolution
		SolutionGuid = {49732059-55C4-4665-8730-C54A5918432D}
	EndGlobalSection
EndGlobal
